
Microsoft Visual Studio Solution File, Format Version 12.00
# Visual Studio Version 16
VisualStudioVersion = 16.0.33130.400
MinimumVisualStudioVersion = 10.0.40219.1
Project("{9A19103F-16F7-4668-BE54-9A1E7A4F7556}") = "CronometroSolid", "CronometroSolid.csproj", "{55833B25-F2D3-4DF5-A7BA-E2C63FAEC700}"
EndProject
Project("{2150E333-8FDC-42A3-9474-1A3956D46DE8}") = "Source", "Source", "{AEA0C850-9C7F-4ABD-9201-0A49701A02C6}"
EndProject
Global
	GlobalSection(SolutionConfigurationPlatforms) = preSolution
		Debug|Any CPU = Debug|Any CPU
		Release|Any CPU = Release|Any CPU
	EndGlobalSection
	GlobalSection(ProjectConfigurationPlatforms) = postSolution
		{55833B25-F2D3-4DF5-A7BA-E2C63FAEC700}.Debug|Any CPU.ActiveCfg = Debug|Any CPU
		{55833B25-F2D3-4DF5-A7BA-E2C63FAEC700}.Debug|Any CPU.Build.0 = Debug|Any CPU
		{55833B25-F2D3-4DF5-A7BA-E2C63FAEC700}.Release|Any CPU.ActiveCfg = Release|Any CPU
		{55833B25-F2D3-4DF5-A7BA-E2C63FAEC700}.Release|Any CPU.Build.0 = Release|Any CPU
	EndGlobalSection
	GlobalSection(SolutionProperties) = preSolution
		HideSolutionNode = FALSE
	EndGlobalSection
	GlobalSection(NestedProjects) = preSolution
		{55833B25-F2D3-4DF5-A7BA-E2C63FAEC700} = {AEA0C850-9C7F-4ABD-9201-0A49701A02C6}
	EndGlobalSection
	GlobalSection(ExtensibilityGlobals) = postSolution
		SolutionGuid = {E12732D0-E985-4F19-B0D7-809C3311CF34}
	EndGlobalSection
EndGlobal
